
Microsoft Visual Studio Solution File, Format Version 12.00
# Visual Studio 2013
VisualStudioVersion = 12.0.31101.0
MinimumVisualStudioVersion = 10.0.40219.1
Project("{FAE04EC0-301F-11D3-BF4B-00C04F79EFBC}") = "LinkedIn.Models", "LinkedIn.Models\LinkedIn.Models.csproj", "{DBCDB884-2E8A-4987-ABAF-A56B4FE54BB3}"
EndProject
Project("{FAE04EC0-301F-11D3-BF4B-00C04F79EFBC}") = "LinkedIn.Data", "LinkedIn.Data\LinkedIn.Data.csproj", "{3C8F2D2C-3662-4A1B-A924-BF3A040A7CA4}"
EndProject
Project("{FAE04EC0-301F-11D3-BF4B-00C04F79EFBC}") = "LinkedIn.Services", "LinkedIn.Services\LinkedIn.Services.csproj", "{1144DC64-9A00-402C-80D2-C70E3B853780}"
EndProject
Global
	GlobalSection(SolutionConfigurationPlatforms) = preSolution
		Debug|Any CPU = Debug|Any CPU
		Release|Any CPU = Release|Any CPU
	EndGlobalSection
	GlobalSection(ProjectConfigurationPlatforms) = postSolution
		{DBCDB884-2E8A-4987-ABAF-A56B4FE54BB3}.Debug|Any CPU.ActiveCfg = Debug|Any CPU
		{DBCDB884-2E8A-4987-ABAF-A56B4FE54BB3}.Debug|Any CPU.Build.0 = Debug|Any CPU
		{DBCDB884-2E8A-4987-ABAF-A56B4FE54BB3}.Release|Any CPU.ActiveCfg = Release|Any CPU
		{DBCDB884-2E8A-4987-ABAF-A56B4FE54BB3}.Release|Any CPU.Build.0 = Release|Any CPU
		{3C8F2D2C-3662-4A1B-A924-BF3A040A7CA4}.Debug|Any CPU.ActiveCfg = Debug|Any CPU
		{3C8F2D2C-3662-4A1B-A924-BF3A040A7CA4}.Debug|Any CPU.Build.0 = Debug|Any CPU
		{3C8F2D2C-3662-4A1B-A924-BF3A040A7CA4}.Release|Any CPU.ActiveCfg = Release|Any CPU
		{3C8F2D2C-3662-4A1B-A924-BF3A040A7CA4}.Release|Any CPU.Build.0 = Release|Any CPU
		{1144DC64-9A00-402C-80D2-C70E3B853780}.Debug|Any CPU.ActiveCfg = Debug|Any CPU
		{1144DC64-9A00-402C-80D2-C70E3B853780}.Debug|Any CPU.Build.0 = Debug|Any CPU
		{1144DC64-9A00-402C-80D2-C70E3B853780}.Release|Any CPU.ActiveCfg = Release|Any CPU
		{1144DC64-9A00-402C-80D2-C70E3B853780}.Release|Any CPU.Build.0 = Release|Any CPU
	EndGlobalSection
	GlobalSection(SolutionProperties) = preSolution
		HideSolutionNode = FALSE
	EndGlobalSection
EndGlobal
